
Microsoft Visual Studio Solution File, Format Version 12.00
Project("{FAE04EC0-301F-11D3-BF4B-00C04F79EFBC}") = "LibraryAPI", "LibraryAPI\LibraryAPI.csproj", "{EE318915-D138-41F6-A175-1BEE84C11390}"
EndProject
Global
	GlobalSection(SolutionConfigurationPlatforms) = preSolution
		Debug|Any CPU = Debug|Any CPU
		Release|Any CPU = Release|Any CPU
	EndGlobalSection
	GlobalSection(ProjectConfigurationPlatforms) = postSolution
		{EE318915-D138-41F6-A175-1BEE84C11390}.Debug|Any CPU.ActiveCfg = Debug|Any CPU
		{EE318915-D138-41F6-A175-1BEE84C11390}.Debug|Any CPU.Build.0 = Debug|Any CPU
		{EE318915-D138-41F6-A175-1BEE84C11390}.Release|Any CPU.ActiveCfg = Release|Any CPU
		{EE318915-D138-41F6-A175-1BEE84C11390}.Release|Any CPU.Build.0 = Release|Any CPU
	EndGlobalSection
EndGlobal
